# This file is generated by running "yarn install" inside your project.
# Manual changes might be lost - proceed with caution!

__metadata:
  version: 6
  cacheKey: 8

"@types/module-alias@npm:^2.0.1":
  version: 2.0.1
  resolution: "@types/module-alias@npm:2.0.1"
  checksum: c6d6d30605833b03465c39760df42616fd24e4f532a29bb77954220885feb21eb2d84dd38eed68b0c18997e6930fdc5914d2dc6fd7cc5d110a42068d2204e11e
  languageName: node
  linkType: hard

"@types/node@npm:^18.14.1":
  version: 18.14.1
  resolution: "@types/node@npm:18.14.1"
  checksum: 58556bbdb0050e44a4934742c1da2530812782c06d266a758e669e44c5aa196166c5fce45fdb03f016876717e3840478b3220129bb77367f979607564047f0a3
  languageName: node
  linkType: hard

"module-alias@npm:^2.2.2":
  version: 2.2.2
  resolution: "module-alias@npm:2.2.2"
  checksum: 4b5543f834b484033e5bd184096ca8276b9195e32e88883ee6ea8d3a4789d97c470d26f5fa7271bd7a26588bf67e4d27dbdb594ee327aef1c9619d855dc78342
  languageName: node
  linkType: hard

"typescript@npm:^4.9.5":
  version: 4.9.5
  resolution: "typescript@npm:4.9.5"
  bin:
    tsc: bin/tsc
    tsserver: bin/tsserver
  checksum: ee000bc26848147ad423b581bd250075662a354d84f0e06eb76d3b892328d8d4440b7487b5a83e851b12b255f55d71835b008a66cbf8f255a11e4400159237db
  languageName: node
  linkType: hard

"typescript@patch:typescript@^4.9.5#~builtin<compat/typescript>":
  version: 4.9.5
  resolution: "typescript@patch:typescript@npm%3A4.9.5#~builtin<compat/typescript>::version=4.9.5&hash=23ec76"
  bin:
    tsc: bin/tsc
    tsserver: bin/tsserver
  checksum: ab417a2f398380c90a6cf5a5f74badd17866adf57f1165617d6a551f059c3ba0a3e4da0d147b3ac5681db9ac76a303c5876394b13b3de75fdd5b1eaa06181c9d
  languageName: node
  linkType: hard

"weather-surf-api@workspace:.":
  version: 0.0.0-use.local
  resolution: "weather-surf-api@workspace:."
  dependencies:
    "@types/module-alias": ^2.0.1
    "@types/node": ^18.14.1
    module-alias: ^2.2.2
    typescript: ^4.9.5
  languageName: unknown
  linkType: soft
